
Microsoft Visual Studio Solution File, Format Version 12.00
Project("{FAE04EC0-301F-11D3-BF4B-00C04F79EFBC}") = "WeatherForecast.Api", "WeatherForecast.Api\WeatherForecast.Api.csproj", "{40D21968-9E8F-4313-8A16-28D02D7096AA}"
EndProject
Project("{FAE04EC0-301F-11D3-BF4B-00C04F79EFBC}") = "WeatherForecast.Api.Client", "WeatherForecast.Api.Client\WeatherForecast.Api.Client.csproj", "{A5385EC3-8B8E-42F7-B127-5C15031CBB03}"
EndProject
Project("{FAE04EC0-301F-11D3-BF4B-00C04F79EFBC}") = "WeatherForecast.Api.Consumer", "WeatherForecast.Api.Consumer\WeatherForecast.Api.Consumer.csproj", "{77B5B5DC-1550-4DF6-8237-0E06E077806D}"
EndProject
Global
	GlobalSection(SolutionConfigurationPlatforms) = preSolution
		Debug|Any CPU = Debug|Any CPU
		Release|Any CPU = Release|Any CPU
	EndGlobalSection
	GlobalSection(ProjectConfigurationPlatforms) = postSolution
		{40D21968-9E8F-4313-8A16-28D02D7096AA}.Debug|Any CPU.ActiveCfg = Debug|Any CPU
		{40D21968-9E8F-4313-8A16-28D02D7096AA}.Debug|Any CPU.Build.0 = Debug|Any CPU
		{40D21968-9E8F-4313-8A16-28D02D7096AA}.Release|Any CPU.ActiveCfg = Release|Any CPU
		{40D21968-9E8F-4313-8A16-28D02D7096AA}.Release|Any CPU.Build.0 = Release|Any CPU
		{A5385EC3-8B8E-42F7-B127-5C15031CBB03}.Debug|Any CPU.ActiveCfg = Debug|Any CPU
		{A5385EC3-8B8E-42F7-B127-5C15031CBB03}.Debug|Any CPU.Build.0 = Debug|Any CPU
		{A5385EC3-8B8E-42F7-B127-5C15031CBB03}.Release|Any CPU.ActiveCfg = Release|Any CPU
		{A5385EC3-8B8E-42F7-B127-5C15031CBB03}.Release|Any CPU.Build.0 = Release|Any CPU
		{77B5B5DC-1550-4DF6-8237-0E06E077806D}.Debug|Any CPU.ActiveCfg = Debug|Any CPU
		{77B5B5DC-1550-4DF6-8237-0E06E077806D}.Debug|Any CPU.Build.0 = Debug|Any CPU
		{77B5B5DC-1550-4DF6-8237-0E06E077806D}.Release|Any CPU.ActiveCfg = Release|Any CPU
		{77B5B5DC-1550-4DF6-8237-0E06E077806D}.Release|Any CPU.Build.0 = Release|Any CPU
	EndGlobalSection
EndGlobal
